
Microsoft Visual Studio Solution File, Format Version 12.00
# Visual Studio 14
VisualStudioVersion = 14.0.25420.1
MinimumVisualStudioVersion = 10.0.40219.1
Project("{FAE04EC0-301F-11D3-BF4B-00C04F79EFBC}") = "PayOnLine", "PayOnLine.csproj", "{F4E62684-23DB-4A61-951D-C954016DF549}"
EndProject
Global
	GlobalSection(SolutionConfigurationPlatforms) = preSolution
		Debug|Any CPU = Debug|Any CPU
		Release|Any CPU = Release|Any CPU
	EndGlobalSection
	GlobalSection(ProjectConfigurationPlatforms) = postSolution
		{F4E62684-23DB-4A61-951D-C954016DF549}.Debug|Any CPU.ActiveCfg = Debug|Any CPU
		{F4E62684-23DB-4A61-951D-C954016DF549}.Debug|Any CPU.Build.0 = Debug|Any CPU
		{F4E62684-23DB-4A61-951D-C954016DF549}.Release|Any CPU.ActiveCfg = Release|Any CPU
		{F4E62684-23DB-4A61-951D-C954016DF549}.Release|Any CPU.Build.0 = Release|Any CPU
	EndGlobalSection
	GlobalSection(SolutionProperties) = preSolution
		HideSolutionNode = FALSE
	EndGlobalSection
	GlobalSection(SourceCodeControl) = preSolution
		SccNumberOfProjects = 1
		SccProjectUniqueName0 = PayOnLine.csproj
		SccProjectName0 = \u0022$/MvcWebsite/OnlinePay/PayOnLine\u0022,\u0020PGMBAAAA
		SccLocalPath0 = .
		SccProvider0 = MSSCCI:Microsoft\u0020Visual\u0020SourceSafe
	EndGlobalSection
EndGlobal
